
Microsoft Visual Studio Solution File, Format Version 12.00
# Visual Studio Version 17
VisualStudioVersion = 17.6.33829.357
MinimumVisualStudioVersion = 10.0.40219.1
Project("{FAE04EC0-301F-11D3-BF4B-00C04F79EFBC}") = "ATM Game", "ATM Game\ATM Game.csproj", "{2CB92339-B09E-4847-B334-EB15F75F8FEB}"
EndProject
Global
	GlobalSection(SolutionConfigurationPlatforms) = preSolution
		Debug|Any CPU = Debug|Any CPU
		Release|Any CPU = Release|Any CPU
	EndGlobalSection
	GlobalSection(ProjectConfigurationPlatforms) = postSolution
		{2CB92339-B09E-4847-B334-EB15F75F8FEB}.Debug|Any CPU.ActiveCfg = Debug|Any CPU
		{2CB92339-B09E-4847-B334-EB15F75F8FEB}.Debug|Any CPU.Build.0 = Debug|Any CPU
		{2CB92339-B09E-4847-B334-EB15F75F8FEB}.Release|Any CPU.ActiveCfg = Release|Any CPU
		{2CB92339-B09E-4847-B334-EB15F75F8FEB}.Release|Any CPU.Build.0 = Release|Any CPU
	EndGlobalSection
	GlobalSection(SolutionProperties) = preSolution
		HideSolutionNode = FALSE
	EndGlobalSection
	GlobalSection(ExtensibilityGlobals) = postSolution
		SolutionGuid = {86A8B41A-4F81-420E-BD2E-C10240A42465}
	EndGlobalSection
EndGlobal
